// !$*UTF8*$!
{
	archiveVersion = 1;
	classes = {
	};
	objectVersion = 77;
	objects = {

/* Begin PBXBuildFile section */
		ED426AA52D5D293500D92CB3 /* OnboardingView.swift in Sources */ = {isa = PBXBuildFile; fileRef = ED426AA22D5D293500D92CB3 /* OnboardingView.swift */; };
		ED426AA62D5D293500D92CB3 /* PhotoEditorApp.swift in Sources */ = {isa = PBXBuildFile; fileRef = ED426AA32D5D293500D92CB3 /* PhotoEditorApp.swift */; };
		ED426AA82D5D293500D92CB3 /* Assets.xcassets in Resources */ = {isa = PBXBuildFile; fileRef = ED426AA12D5D293500D92CB3 /* Assets.xcassets */; };
		ED426AC42D5D2E7900D92CB3 /* Poppins-Bold.ttf in Resources */ = {isa = PBXBuildFile; fileRef = ED426AB22D5D2E7900D92CB3 /* Poppins-Bold.ttf */; };
		ED426AC52D5D2E7900D92CB3 /* Poppins-Italic.ttf in Resources */ = {isa = PBXBuildFile; fileRef = ED426AB82D5D2E7900D92CB3 /* Poppins-Italic.ttf */; };
		ED426AC62D5D2E7900D92CB3 /* Poppins-ExtraLight.ttf in Resources */ = {isa = PBXBuildFile; fileRef = ED426AB62D5D2E7900D92CB3 /* Poppins-ExtraLight.ttf */; };
		ED426AC72D5D2E7900D92CB3 /* Poppins-Medium.ttf in Resources */ = {isa = PBXBuildFile; fileRef = ED426ABB2D5D2E7900D92CB3 /* Poppins-Medium.ttf */; };
		ED426AC82D5D2E7900D92CB3 /* Poppins-ExtraBoldItalic.ttf in Resources */ = {isa = PBXBuildFile; fileRef = ED426AB52D5D2E7900D92CB3 /* Poppins-ExtraBoldItalic.ttf */; };
		ED426AC92D5D2E7900D92CB3 /* Poppins-MediumItalic.ttf in Resources */ = {isa = PBXBuildFile; fileRef = ED426ABC2D5D2E7900D92CB3 /* Poppins-MediumItalic.ttf */; };
		ED426ACA2D5D2E7900D92CB3 /* Poppins-ExtraBold.ttf in Resources */ = {isa = PBXBuildFile; fileRef = ED426AB42D5D2E7900D92CB3 /* Poppins-ExtraBold.ttf */; };
		ED426ACB2D5D2E7900D92CB3 /* Poppins-SemiBoldItalic.ttf in Resources */ = {isa = PBXBuildFile; fileRef = ED426ABF2D5D2E7900D92CB3 /* Poppins-SemiBoldItalic.ttf */; };
		ED426ACC2D5D2E7900D92CB3 /* Poppins-BlackItalic.ttf in Resources */ = {isa = PBXBuildFile; fileRef = ED426AB12D5D2E7900D92CB3 /* Poppins-BlackItalic.ttf */; };
		ED426ACD2D5D2E7900D92CB3 /* Poppins-Black.ttf in Resources */ = {isa = PBXBuildFile; fileRef = ED426AB02D5D2E7900D92CB3 /* Poppins-Black.ttf */; };
		ED426ACE2D5D2E7900D92CB3 /* Poppins-Light.ttf in Resources */ = {isa = PBXBuildFile; fileRef = ED426AB92D5D2E7900D92CB3 /* Poppins-Light.ttf */; };
		ED426ACF2D5D2E7900D92CB3 /* Poppins-Thin.ttf in Resources */ = {isa = PBXBuildFile; fileRef = ED426AC02D5D2E7900D92CB3 /* Poppins-Thin.ttf */; };
		ED426AD12D5D2E7900D92CB3 /* Poppins-LightItalic.ttf in Resources */ = {isa = PBXBuildFile; fileRef = ED426ABA2D5D2E7900D92CB3 /* Poppins-LightItalic.ttf */; };
		ED426AD22D5D2E7900D92CB3 /* Poppins-Regular.ttf in Resources */ = {isa = PBXBuildFile; fileRef = ED426ABD2D5D2E7900D92CB3 /* Poppins-Regular.ttf */; };
		ED426AD42D5D2E7900D92CB3 /* Poppins-ExtraLightItalic.ttf in Resources */ = {isa = PBXBuildFile; fileRef = ED426AB72D5D2E7900D92CB3 /* Poppins-ExtraLightItalic.ttf */; };
		ED426AD52D5D2E7900D92CB3 /* Poppins-ThinItalic.ttf in Resources */ = {isa = PBXBuildFile; fileRef = ED426AC12D5D2E7900D92CB3 /* Poppins-ThinItalic.ttf */; };
		ED426AD62D5D2E7900D92CB3 /* Poppins-BoldItalic.ttf in Resources */ = {isa = PBXBuildFile; fileRef = ED426AB32D5D2E7900D92CB3 /* Poppins-BoldItalic.ttf */; };
		ED426AD72D5D2E7900D92CB3 /* Poppins-SemiBold.ttf in Resources */ = {isa = PBXBuildFile; fileRef = ED426ABE2D5D2E7900D92CB3 /* Poppins-SemiBold.ttf */; };
		ED426AE72D5D317700D92CB3 /* Adaptation.swift in Sources */ = {isa = PBXBuildFile; fileRef = ED426AD92D5D317700D92CB3 /* Adaptation.swift */; };
		ED426AE82D5D317700D92CB3 /* LinearGradient.swift in Sources */ = {isa = PBXBuildFile; fileRef = ED426AE32D5D317700D92CB3 /* LinearGradient.swift */; };
		ED426AE92D5D317700D92CB3 /* IdentifiableItem.swift in Sources */ = {isa = PBXBuildFile; fileRef = ED426AE22D5D317700D92CB3 /* IdentifiableItem.swift */; };
		ED426AEB2D5D317700D92CB3 /* Color+Extension.swift in Sources */ = {isa = PBXBuildFile; fileRef = ED426ADC2D5D317700D92CB3 /* Color+Extension.swift */; };
		ED426AF32D5D323200D92CB3 /* ScreenSize.swift in Sources */ = {isa = PBXBuildFile; fileRef = ED426AF22D5D323200D92CB3 /* ScreenSize.swift */; };
		ED426AF52D5D324A00D92CB3 /* DeviceInfo.swift in Sources */ = {isa = PBXBuildFile; fileRef = ED426AF42D5D324A00D92CB3 /* DeviceInfo.swift */; };
		ED426AF72D5D329200D92CB3 /* OnboardingItem.swift in Sources */ = {isa = PBXBuildFile; fileRef = ED426AF62D5D329200D92CB3 /* OnboardingItem.swift */; };
		ED426AFC2D5D3D0D00D92CB3 /* Font+Extension.swift in Sources */ = {isa = PBXBuildFile; fileRef = ED426AFB2D5D3D0D00D92CB3 /* Font+Extension.swift */; };
		ED426AFE2D5D3F8800D92CB3 /* MazzardH-Bold.otf in Resources */ = {isa = PBXBuildFile; fileRef = ED426AFD2D5D3F8800D92CB3 /* MazzardH-Bold.otf */; };
		ED426B012D5D3FEB00D92CB3 /* YellowButton.swift in Sources */ = {isa = PBXBuildFile; fileRef = ED426B002D5D3FEB00D92CB3 /* YellowButton.swift */; };
		ED6135172D653182007C73E8 /* EditorView.swift in Sources */ = {isa = PBXBuildFile; fileRef = ED6135162D653182007C73E8 /* EditorView.swift */; };
		ED6135192D653423007C73E8 /* BrandSlider.swift in Sources */ = {isa = PBXBuildFile; fileRef = ED6135182D653423007C73E8 /* BrandSlider.swift */; };
		ED8382C82D6253AC006CAC70 /* MainView.swift in Sources */ = {isa = PBXBuildFile; fileRef = ED8382C72D6253AC006CAC70 /* MainView.swift */; };
		ED8382CA2D62763F006CAC70 /* AthleteModel.swift in Sources */ = {isa = PBXBuildFile; fileRef = ED8382C92D62763F006CAC70 /* AthleteModel.swift */; };
		ED8382CE2D62883E006CAC70 /* EditorTutorialView.swift in Sources */ = {isa = PBXBuildFile; fileRef = ED8382CD2D62883E006CAC70 /* EditorTutorialView.swift */; };
		ED8382D02D628A9C006CAC70 /* TutorialTip.swift in Sources */ = {isa = PBXBuildFile; fileRef = ED8382CF2D628A9C006CAC70 /* TutorialTip.swift */; };
		ED8382D22D629931006CAC70 /* TipCellView.swift in Sources */ = {isa = PBXBuildFile; fileRef = ED8382D12D629931006CAC70 /* TipCellView.swift */; };
/* End PBXBuildFile section */

/* Begin PBXFileReference section */
		ED426A8E2D5D284000D92CB3 /* PhotoEditor.app */ = {isa = PBXFileReference; explicitFileType = wrapper.application; includeInIndex = 0; path = PhotoEditor.app; sourceTree = BUILT_PRODUCTS_DIR; };
		ED426AA12D5D293500D92CB3 /* Assets.xcassets */ = {isa = PBXFileReference; lastKnownFileType = folder.assetcatalog; path = Assets.xcassets; sourceTree = "<group>"; };
		ED426AA22D5D293500D92CB3 /* OnboardingView.swift */ = {isa = PBXFileReference; lastKnownFileType = sourcecode.swift; path = OnboardingView.swift; sourceTree = "<group>"; };
		ED426AA32D5D293500D92CB3 /* PhotoEditorApp.swift */ = {isa = PBXFileReference; lastKnownFileType = sourcecode.swift; path = PhotoEditorApp.swift; sourceTree = "<group>"; };
		ED426AB02D5D2E7900D92CB3 /* Poppins-Black.ttf */ = {isa = PBXFileReference; lastKnownFileType = file; path = "Poppins-Black.ttf"; sourceTree = "<group>"; };
		ED426AB12D5D2E7900D92CB3 /* Poppins-BlackItalic.ttf */ = {isa = PBXFileReference; lastKnownFileType = file; path = "Poppins-BlackItalic.ttf"; sourceTree = "<group>"; };
		ED426AB22D5D2E7900D92CB3 /* Poppins-Bold.ttf */ = {isa = PBXFileReference; lastKnownFileType = file; path = "Poppins-Bold.ttf"; sourceTree = "<group>"; };
		ED426AB32D5D2E7900D92CB3 /* Poppins-BoldItalic.ttf */ = {isa = PBXFileReference; lastKnownFileType = file; path = "Poppins-BoldItalic.ttf"; sourceTree = "<group>"; };
		ED426AB42D5D2E7900D92CB3 /* Poppins-ExtraBold.ttf */ = {isa = PBXFileReference; lastKnownFileType = file; path = "Poppins-ExtraBold.ttf"; sourceTree = "<group>"; };
		ED426AB52D5D2E7900D92CB3 /* Poppins-ExtraBoldItalic.ttf */ = {isa = PBXFileReference; lastKnownFileType = file; path = "Poppins-ExtraBoldItalic.ttf"; sourceTree = "<group>"; };
		ED426AB62D5D2E7900D92CB3 /* Poppins-ExtraLight.ttf */ = {isa = PBXFileReference; lastKnownFileType = file; path = "Poppins-ExtraLight.ttf"; sourceTree = "<group>"; };
		ED426AB72D5D2E7900D92CB3 /* Poppins-ExtraLightItalic.ttf */ = {isa = PBXFileReference; lastKnownFileType = file; path = "Poppins-ExtraLightItalic.ttf"; sourceTree = "<group>"; };
		ED426AB82D5D2E7900D92CB3 /* Poppins-Italic.ttf */ = {isa = PBXFileReference; lastKnownFileType = file; path = "Poppins-Italic.ttf"; sourceTree = "<group>"; };
		ED426AB92D5D2E7900D92CB3 /* Poppins-Light.ttf */ = {isa = PBXFileReference; lastKnownFileType = file; path = "Poppins-Light.ttf"; sourceTree = "<group>"; };
		ED426ABA2D5D2E7900D92CB3 /* Poppins-LightItalic.ttf */ = {isa = PBXFileReference; lastKnownFileType = file; path = "Poppins-LightItalic.ttf"; sourceTree = "<group>"; };
		ED426ABB2D5D2E7900D92CB3 /* Poppins-Medium.ttf */ = {isa = PBXFileReference; lastKnownFileType = file; path = "Poppins-Medium.ttf"; sourceTree = "<group>"; };
		ED426ABC2D5D2E7900D92CB3 /* Poppins-MediumItalic.ttf */ = {isa = PBXFileReference; lastKnownFileType = file; path = "Poppins-MediumItalic.ttf"; sourceTree = "<group>"; };
		ED426ABD2D5D2E7900D92CB3 /* Poppins-Regular.ttf */ = {isa = PBXFileReference; lastKnownFileType = file; path = "Poppins-Regular.ttf"; sourceTree = "<group>"; };
		ED426ABE2D5D2E7900D92CB3 /* Poppins-SemiBold.ttf */ = {isa = PBXFileReference; lastKnownFileType = file; path = "Poppins-SemiBold.ttf"; sourceTree = "<group>"; };
		ED426ABF2D5D2E7900D92CB3 /* Poppins-SemiBoldItalic.ttf */ = {isa = PBXFileReference; lastKnownFileType = file; path = "Poppins-SemiBoldItalic.ttf"; sourceTree = "<group>"; };
		ED426AC02D5D2E7900D92CB3 /* Poppins-Thin.ttf */ = {isa = PBXFileReference; lastKnownFileType = file; path = "Poppins-Thin.ttf"; sourceTree = "<group>"; };
		ED426AC12D5D2E7900D92CB3 /* Poppins-ThinItalic.ttf */ = {isa = PBXFileReference; lastKnownFileType = file; path = "Poppins-ThinItalic.ttf"; sourceTree = "<group>"; };
		ED426AD82D5D2E9100D92CB3 /* Info.plist */ = {isa = PBXFileReference; lastKnownFileType = text.plist.xml; path = Info.plist; sourceTree = "<group>"; };
		ED426AD92D5D317700D92CB3 /* Adaptation.swift */ = {isa = PBXFileReference; lastKnownFileType = sourcecode.swift; path = Adaptation.swift; sourceTree = "<group>"; };
		ED426ADC2D5D317700D92CB3 /* Color+Extension.swift */ = {isa = PBXFileReference; lastKnownFileType = sourcecode.swift; path = "Color+Extension.swift"; sourceTree = "<group>"; };
		ED426AE22D5D317700D92CB3 /* IdentifiableItem.swift */ = {isa = PBXFileReference; lastKnownFileType = sourcecode.swift; path = IdentifiableItem.swift; sourceTree = "<group>"; };
		ED426AE32D5D317700D92CB3 /* LinearGradient.swift */ = {isa = PBXFileReference; lastKnownFileType = sourcecode.swift; path = LinearGradient.swift; sourceTree = "<group>"; };
		ED426AF22D5D323200D92CB3 /* ScreenSize.swift */ = {isa = PBXFileReference; lastKnownFileType = sourcecode.swift; path = ScreenSize.swift; sourceTree = "<group>"; };
		ED426AF42D5D324A00D92CB3 /* DeviceInfo.swift */ = {isa = PBXFileReference; lastKnownFileType = sourcecode.swift; path = DeviceInfo.swift; sourceTree = "<group>"; };
		ED426AF62D5D329200D92CB3 /* OnboardingItem.swift */ = {isa = PBXFileReference; lastKnownFileType = sourcecode.swift; path = OnboardingItem.swift; sourceTree = "<group>"; };
		ED426AFB2D5D3D0D00D92CB3 /* Font+Extension.swift */ = {isa = PBXFileReference; lastKnownFileType = sourcecode.swift; path = "Font+Extension.swift"; sourceTree = "<group>"; };
		ED426AFD2D5D3F8800D92CB3 /* MazzardH-Bold.otf */ = {isa = PBXFileReference; lastKnownFileType = file; path = "MazzardH-Bold.otf"; sourceTree = "<group>"; };
		ED426B002D5D3FEB00D92CB3 /* YellowButton.swift */ = {isa = PBXFileReference; lastKnownFileType = sourcecode.swift; path = YellowButton.swift; sourceTree = "<group>"; };
		ED6135162D653182007C73E8 /* EditorView.swift */ = {isa = PBXFileReference; lastKnownFileType = sourcecode.swift; path = EditorView.swift; sourceTree = "<group>"; };
		ED6135182D653423007C73E8 /* BrandSlider.swift */ = {isa = PBXFileReference; lastKnownFileType = sourcecode.swift; path = BrandSlider.swift; sourceTree = "<group>"; };
		ED8382C72D6253AC006CAC70 /* MainView.swift */ = {isa = PBXFileReference; lastKnownFileType = sourcecode.swift; path = MainView.swift; sourceTree = "<group>"; };
		ED8382C92D62763F006CAC70 /* AthleteModel.swift */ = {isa = PBXFileReference; lastKnownFileType = sourcecode.swift; path = AthleteModel.swift; sourceTree = "<group>"; };
		ED8382CD2D62883E006CAC70 /* EditorTutorialView.swift */ = {isa = PBXFileReference; lastKnownFileType = sourcecode.swift; path = EditorTutorialView.swift; sourceTree = "<group>"; };
		ED8382CF2D628A9C006CAC70 /* TutorialTip.swift */ = {isa = PBXFileReference; lastKnownFileType = sourcecode.swift; path = TutorialTip.swift; sourceTree = "<group>"; };
		ED8382D12D629931006CAC70 /* TipCellView.swift */ = {isa = PBXFileReference; lastKnownFileType = sourcecode.swift; path = TipCellView.swift; sourceTree = "<group>"; };
/* End PBXFileReference section */

/* Begin PBXFrameworksBuildPhase section */
		ED426A8B2D5D284000D92CB3 /* Frameworks */ = {
			isa = PBXFrameworksBuildPhase;
			buildActionMask = 2147483647;
			files = (
			);
			runOnlyForDeploymentPostprocessing = 0;
		};
/* End PBXFrameworksBuildPhase section */

/* Begin PBXGroup section */
		ED426A852D5D284000D92CB3 = {
			isa = PBXGroup;
			children = (
				ED426AA42D5D293500D92CB3 /* PhotoEditor */,
				ED426A8F2D5D284000D92CB3 /* Products */,
			);
			sourceTree = "<group>";
		};
		ED426A8F2D5D284000D92CB3 /* Products */ = {
			isa = PBXGroup;
			children = (
				ED426A8E2D5D284000D92CB3 /* PhotoEditor.app */,
			);
			name = Products;
			sourceTree = "<group>";
		};
		ED426AA42D5D293500D92CB3 /* PhotoEditor */ = {
			isa = PBXGroup;
			children = (
				ED426AD82D5D2E9100D92CB3 /* Info.plist */,
				ED426AAB2D5D2C8A00D92CB3 /* Configuration */,
				ED426AAA2D5D2C8600D92CB3 /* App */,
				ED426AA92D5D2C7900D92CB3 /* Resources */,
				ED426AFF2D5D3FDC00D92CB3 /* Customs */,
				ED426AE52D5D317700D92CB3 /* Extensions */,
			);
			path = PhotoEditor;
			sourceTree = "<group>";
		};
		ED426AA92D5D2C7900D92CB3 /* Resources */ = {
			isa = PBXGroup;
			children = (
				ED426AC32D5D2E7900D92CB3 /* Fonts */,
				ED426AA12D5D293500D92CB3 /* Assets.xcassets */,
			);
			path = Resources;
			sourceTree = "<group>";
		};
		ED426AAA2D5D2C8600D92CB3 /* App */ = {
			isa = PBXGroup;
			children = (
				ED8382CB2D628815006CAC70 /* Editor */,
				ED8382C62D625366006CAC70 /* Main */,
				ED426AAC2D5D2CE000D92CB3 /* Onboarding */,
			);
			path = App;
			sourceTree = "<group>";
		};
		ED426AAB2D5D2C8A00D92CB3 /* Configuration */ = {
			isa = PBXGroup;
			children = (
				ED426AA32D5D293500D92CB3 /* PhotoEditorApp.swift */,
			);
			path = Configuration;
			sourceTree = "<group>";
		};
		ED426AAC2D5D2CE000D92CB3 /* Onboarding */ = {
			isa = PBXGroup;
			children = (
				ED426AF62D5D329200D92CB3 /* OnboardingItem.swift */,
				ED426AA22D5D293500D92CB3 /* OnboardingView.swift */,
			);
			path = Onboarding;
			sourceTree = "<group>";
		};
		ED426AC22D5D2E7900D92CB3 /* Poppins */ = {
			isa = PBXGroup;
			children = (
				ED426AB02D5D2E7900D92CB3 /* Poppins-Black.ttf */,
				ED426AB12D5D2E7900D92CB3 /* Poppins-BlackItalic.ttf */,
				ED426AB22D5D2E7900D92CB3 /* Poppins-Bold.ttf */,
				ED426AB32D5D2E7900D92CB3 /* Poppins-BoldItalic.ttf */,
				ED426AB42D5D2E7900D92CB3 /* Poppins-ExtraBold.ttf */,
				ED426AB52D5D2E7900D92CB3 /* Poppins-ExtraBoldItalic.ttf */,
				ED426AB62D5D2E7900D92CB3 /* Poppins-ExtraLight.ttf */,
				ED426AB72D5D2E7900D92CB3 /* Poppins-ExtraLightItalic.ttf */,
				ED426AB82D5D2E7900D92CB3 /* Poppins-Italic.ttf */,
				ED426AB92D5D2E7900D92CB3 /* Poppins-Light.ttf */,
				ED426ABA2D5D2E7900D92CB3 /* Poppins-LightItalic.ttf */,
				ED426ABB2D5D2E7900D92CB3 /* Poppins-Medium.ttf */,
				ED426ABC2D5D2E7900D92CB3 /* Poppins-MediumItalic.ttf */,
				ED426ABD2D5D2E7900D92CB3 /* Poppins-Regular.ttf */,
				ED426ABE2D5D2E7900D92CB3 /* Poppins-SemiBold.ttf */,
				ED426ABF2D5D2E7900D92CB3 /* Poppins-SemiBoldItalic.ttf */,
				ED426AC02D5D2E7900D92CB3 /* Poppins-Thin.ttf */,
				ED426AC12D5D2E7900D92CB3 /* Poppins-ThinItalic.ttf */,
			);
			path = Poppins;
			sourceTree = "<group>";
		};
		ED426AC32D5D2E7900D92CB3 /* Fonts */ = {
			isa = PBXGroup;
			children = (
				ED426AF82D5D3CA300D92CB3 /* Mazzard */,
				ED426AC22D5D2E7900D92CB3 /* Poppins */,
			);
			path = Fonts;
			sourceTree = "<group>";
		};
		ED426AE52D5D317700D92CB3 /* Extensions */ = {
			isa = PBXGroup;
			children = (
				ED426AFB2D5D3D0D00D92CB3 /* Font+Extension.swift */,
				ED426AF42D5D324A00D92CB3 /* DeviceInfo.swift */,
				ED426AF22D5D323200D92CB3 /* ScreenSize.swift */,
				ED426AD92D5D317700D92CB3 /* Adaptation.swift */,
				ED426ADC2D5D317700D92CB3 /* Color+Extension.swift */,
				ED426AE22D5D317700D92CB3 /* IdentifiableItem.swift */,
				ED426AE32D5D317700D92CB3 /* LinearGradient.swift */,
			);
			path = Extensions;
			sourceTree = "<group>";
		};
		ED426AF82D5D3CA300D92CB3 /* Mazzard */ = {
			isa = PBXGroup;
			children = (
				ED426AFD2D5D3F8800D92CB3 /* MazzardH-Bold.otf */,
			);
			path = Mazzard;
			sourceTree = "<group>";
		};
		ED426AFF2D5D3FDC00D92CB3 /* Customs */ = {
			isa = PBXGroup;
			children = (
				ED426B002D5D3FEB00D92CB3 /* YellowButton.swift */,
				ED6135182D653423007C73E8 /* BrandSlider.swift */,
			);
			path = Customs;
			sourceTree = "<group>";
		};
		ED8382C62D625366006CAC70 /* Main */ = {
			isa = PBXGroup;
			children = (
				ED8382C92D62763F006CAC70 /* AthleteModel.swift */,
				ED8382C72D6253AC006CAC70 /* MainView.swift */,
			);
			path = Main;
			sourceTree = "<group>";
		};
		ED8382CB2D628815006CAC70 /* Editor */ = {
			isa = PBXGroup;
			children = (
				ED8382CC2D62881E006CAC70 /* Tutorial */,
				ED6135162D653182007C73E8 /* EditorView.swift */,
			);
			path = Editor;
			sourceTree = "<group>";
		};
		ED8382CC2D62881E006CAC70 /* Tutorial */ = {
			isa = PBXGroup;
			children = (
				ED8382D12D629931006CAC70 /* TipCellView.swift */,
				ED8382CF2D628A9C006CAC70 /* TutorialTip.swift */,
				ED8382CD2D62883E006CAC70 /* EditorTutorialView.swift */,
			);
			path = Tutorial;
			sourceTree = "<group>";
		};
/* End PBXGroup section */

/* Begin PBXNativeTarget section */
		ED426A8D2D5D284000D92CB3 /* PhotoEditor */ = {
			isa = PBXNativeTarget;
			buildConfigurationList = ED426A9C2D5D284200D92CB3 /* Build configuration list for PBXNativeTarget "PhotoEditor" */;
			buildPhases = (
				ED426A8A2D5D284000D92CB3 /* Sources */,
				ED426A8B2D5D284000D92CB3 /* Frameworks */,
				ED426A8C2D5D284000D92CB3 /* Resources */,
			);
			buildRules = (
			);
			dependencies = (
			);
			name = PhotoEditor;
			packageProductDependencies = (
			);
			productName = PhotoEditor;
			productReference = ED426A8E2D5D284000D92CB3 /* PhotoEditor.app */;
			productType = "com.apple.product-type.application";
		};
/* End PBXNativeTarget section */

/* Begin PBXProject section */
		ED426A862D5D284000D92CB3 /* Project object */ = {
			isa = PBXProject;
			attributes = {
				BuildIndependentTargetsInParallel = 1;
				LastSwiftUpdateCheck = 1610;
				LastUpgradeCheck = 1610;
				TargetAttributes = {
					ED426A8D2D5D284000D92CB3 = {
						CreatedOnToolsVersion = 16.1;
					};
				};
			};
			buildConfigurationList = ED426A892D5D284000D92CB3 /* Build configuration list for PBXProject "PhotoEditor" */;
			developmentRegion = en;
			hasScannedForEncodings = 0;
			knownRegions = (
				en,
				Base,
			);
			mainGroup = ED426A852D5D284000D92CB3;
			minimizedProjectReferenceProxies = 1;
			preferredProjectObjectVersion = 77;
			productRefGroup = ED426A8F2D5D284000D92CB3 /* Products */;
			projectDirPath = "";
			projectRoot = "";
			targets = (
				ED426A8D2D5D284000D92CB3 /* PhotoEditor */,
			);
		};
/* End PBXProject section */

/* Begin PBXResourcesBuildPhase section */
		ED426A8C2D5D284000D92CB3 /* Resources */ = {
			isa = PBXResourcesBuildPhase;
			buildActionMask = 2147483647;
			files = (
				ED426AC42D5D2E7900D92CB3 /* Poppins-Bold.ttf in Resources */,
				ED426AC52D5D2E7900D92CB3 /* Poppins-Italic.ttf in Resources */,
				ED426AC62D5D2E7900D92CB3 /* Poppins-ExtraLight.ttf in Resources */,
				ED426AC72D5D2E7900D92CB3 /* Poppins-Medium.ttf in Resources */,
				ED426AC82D5D2E7900D92CB3 /* Poppins-ExtraBoldItalic.ttf in Resources */,
				ED426AFE2D5D3F8800D92CB3 /* MazzardH-Bold.otf in Resources */,
				ED426AC92D5D2E7900D92CB3 /* Poppins-MediumItalic.ttf in Resources */,
				ED426ACA2D5D2E7900D92CB3 /* Poppins-ExtraBold.ttf in Resources */,
				ED426ACB2D5D2E7900D92CB3 /* Poppins-SemiBoldItalic.ttf in Resources */,
				ED426ACC2D5D2E7900D92CB3 /* Poppins-BlackItalic.ttf in Resources */,
				ED426ACD2D5D2E7900D92CB3 /* Poppins-Black.ttf in Resources */,
				ED426ACE2D5D2E7900D92CB3 /* Poppins-Light.ttf in Resources */,
				ED426ACF2D5D2E7900D92CB3 /* Poppins-Thin.ttf in Resources */,
				ED426AD12D5D2E7900D92CB3 /* Poppins-LightItalic.ttf in Resources */,
				ED426AD22D5D2E7900D92CB3 /* Poppins-Regular.ttf in Resources */,
				ED426AD42D5D2E7900D92CB3 /* Poppins-ExtraLightItalic.ttf in Resources */,
				ED426AD52D5D2E7900D92CB3 /* Poppins-ThinItalic.ttf in Resources */,
				ED426AD62D5D2E7900D92CB3 /* Poppins-BoldItalic.ttf in Resources */,
				ED426AD72D5D2E7900D92CB3 /* Poppins-SemiBold.ttf in Resources */,
				ED426AA82D5D293500D92CB3 /* Assets.xcassets in Resources */,
			);
			runOnlyForDeploymentPostprocessing = 0;
		};
/* End PBXResourcesBuildPhase section */

/* Begin PBXSourcesBuildPhase section */
		ED426A8A2D5D284000D92CB3 /* Sources */ = {
			isa = PBXSourcesBuildPhase;
			buildActionMask = 2147483647;
			files = (
				ED426AE72D5D317700D92CB3 /* Adaptation.swift in Sources */,
				ED8382CE2D62883E006CAC70 /* EditorTutorialView.swift in Sources */,
				ED8382C82D6253AC006CAC70 /* MainView.swift in Sources */,
				ED426AE82D5D317700D92CB3 /* LinearGradient.swift in Sources */,
				ED8382D22D629931006CAC70 /* TipCellView.swift in Sources */,
				ED426AF72D5D329200D92CB3 /* OnboardingItem.swift in Sources */,
				ED426AF32D5D323200D92CB3 /* ScreenSize.swift in Sources */,
				ED8382CA2D62763F006CAC70 /* AthleteModel.swift in Sources */,
				ED426AE92D5D317700D92CB3 /* IdentifiableItem.swift in Sources */,
				ED426AFC2D5D3D0D00D92CB3 /* Font+Extension.swift in Sources */,
				ED426AEB2D5D317700D92CB3 /* Color+Extension.swift in Sources */,
				ED426AF52D5D324A00D92CB3 /* DeviceInfo.swift in Sources */,
				ED6135192D653423007C73E8 /* BrandSlider.swift in Sources */,
				ED426AA52D5D293500D92CB3 /* OnboardingView.swift in Sources */,
				ED426B012D5D3FEB00D92CB3 /* YellowButton.swift in Sources */,
				ED426AA62D5D293500D92CB3 /* PhotoEditorApp.swift in Sources */,
				ED8382D02D628A9C006CAC70 /* TutorialTip.swift in Sources */,
				ED6135172D653182007C73E8 /* EditorView.swift in Sources */,
			);
			runOnlyForDeploymentPostprocessing = 0;
		};
/* End PBXSourcesBuildPhase section */

/* Begin XCBuildConfiguration section */
		ED426A9A2D5D284200D92CB3 /* Debug */ = {
			isa = XCBuildConfiguration;
			buildSettings = {
				ALWAYS_SEARCH_USER_PATHS = NO;
				ASSETCATALOG_COMPILER_GENERATE_SWIFT_ASSET_SYMBOL_EXTENSIONS = YES;
				CLANG_ANALYZER_NONNULL = YES;
				CLANG_ANALYZER_NUMBER_OBJECT_CONVERSION = YES_AGGRESSIVE;
				CLANG_CXX_LANGUAGE_STANDARD = "gnu++20";
				CLANG_ENABLE_MODULES = YES;
				CLANG_ENABLE_OBJC_ARC = YES;
				CLANG_ENABLE_OBJC_WEAK = YES;
				CLANG_WARN_BLOCK_CAPTURE_AUTORELEASING = YES;
				CLANG_WARN_BOOL_CONVERSION = YES;
				CLANG_WARN_COMMA = YES;
				CLANG_WARN_CONSTANT_CONVERSION = YES;
				CLANG_WARN_DEPRECATED_OBJC_IMPLEMENTATIONS = YES;
				CLANG_WARN_DIRECT_OBJC_ISA_USAGE = YES_ERROR;
				CLANG_WARN_DOCUMENTATION_COMMENTS = YES;
				CLANG_WARN_EMPTY_BODY = YES;
				CLANG_WARN_ENUM_CONVERSION = YES;
				CLANG_WARN_INFINITE_RECURSION = YES;
				CLANG_WARN_INT_CONVERSION = YES;
				CLANG_WARN_NON_LITERAL_NULL_CONVERSION = YES;
				CLANG_WARN_OBJC_IMPLICIT_RETAIN_SELF = YES;
				CLANG_WARN_OBJC_LITERAL_CONVERSION = YES;
				CLANG_WARN_OBJC_ROOT_CLASS = YES_ERROR;
				CLANG_WARN_QUOTED_INCLUDE_IN_FRAMEWORK_HEADER = YES;
				CLANG_WARN_RANGE_LOOP_ANALYSIS = YES;
				CLANG_WARN_STRICT_PROTOTYPES = YES;
				CLANG_WARN_SUSPICIOUS_MOVE = YES;
				CLANG_WARN_UNGUARDED_AVAILABILITY = YES_AGGRESSIVE;
				CLANG_WARN_UNREACHABLE_CODE = YES;
				CLANG_WARN__DUPLICATE_METHOD_MATCH = YES;
				COPY_PHASE_STRIP = NO;
				DEBUG_INFORMATION_FORMAT = dwarf;
				ENABLE_STRICT_OBJC_MSGSEND = YES;
				ENABLE_TESTABILITY = YES;
				ENABLE_USER_SCRIPT_SANDBOXING = YES;
				GCC_C_LANGUAGE_STANDARD = gnu17;
				GCC_DYNAMIC_NO_PIC = NO;
				GCC_NO_COMMON_BLOCKS = YES;
				GCC_OPTIMIZATION_LEVEL = 0;
				GCC_PREPROCESSOR_DEFINITIONS = (
					"DEBUG=1",
					"$(inherited)",
				);
				GCC_WARN_64_TO_32_BIT_CONVERSION = YES;
				GCC_WARN_ABOUT_RETURN_TYPE = YES_ERROR;
				GCC_WARN_UNDECLARED_SELECTOR = YES;
				GCC_WARN_UNINITIALIZED_AUTOS = YES_AGGRESSIVE;
				GCC_WARN_UNUSED_FUNCTION = YES;
				GCC_WARN_UNUSED_VARIABLE = YES;
				IPHONEOS_DEPLOYMENT_TARGET = 18.1;
				LOCALIZATION_PREFERS_STRING_CATALOGS = YES;
				MTL_ENABLE_DEBUG_INFO = INCLUDE_SOURCE;
				MTL_FAST_MATH = YES;
				ONLY_ACTIVE_ARCH = YES;
				SDKROOT = iphoneos;
				SWIFT_ACTIVE_COMPILATION_CONDITIONS = "DEBUG $(inherited)";
				SWIFT_OPTIMIZATION_LEVEL = "-Onone";
			};
			name = Debug;
		};
		ED426A9B2D5D284200D92CB3 /* Release */ = {
			isa = XCBuildConfiguration;
			buildSettings = {
				ALWAYS_SEARCH_USER_PATHS = NO;
				ASSETCATALOG_COMPILER_GENERATE_SWIFT_ASSET_SYMBOL_EXTENSIONS = YES;
				CLANG_ANALYZER_NONNULL = YES;
				CLANG_ANALYZER_NUMBER_OBJECT_CONVERSION = YES_AGGRESSIVE;
				CLANG_CXX_LANGUAGE_STANDARD = "gnu++20";
				CLANG_ENABLE_MODULES = YES;
				CLANG_ENABLE_OBJC_ARC = YES;
				CLANG_ENABLE_OBJC_WEAK = YES;
				CLANG_WARN_BLOCK_CAPTURE_AUTORELEASING = YES;
				CLANG_WARN_BOOL_CONVERSION = YES;
				CLANG_WARN_COMMA = YES;
				CLANG_WARN_CONSTANT_CONVERSION = YES;
				CLANG_WARN_DEPRECATED_OBJC_IMPLEMENTATIONS = YES;
				CLANG_WARN_DIRECT_OBJC_ISA_USAGE = YES_ERROR;
				CLANG_WARN_DOCUMENTATION_COMMENTS = YES;
				CLANG_WARN_EMPTY_BODY = YES;
				CLANG_WARN_ENUM_CONVERSION = YES;
				CLANG_WARN_INFINITE_RECURSION = YES;
				CLANG_WARN_INT_CONVERSION = YES;
				CLANG_WARN_NON_LITERAL_NULL_CONVERSION = YES;
				CLANG_WARN_OBJC_IMPLICIT_RETAIN_SELF = YES;
				CLANG_WARN_OBJC_LITERAL_CONVERSION = YES;
				CLANG_WARN_OBJC_ROOT_CLASS = YES_ERROR;
				CLANG_WARN_QUOTED_INCLUDE_IN_FRAMEWORK_HEADER = YES;
				CLANG_WARN_RANGE_LOOP_ANALYSIS = YES;
				CLANG_WARN_STRICT_PROTOTYPES = YES;
				CLANG_WARN_SUSPICIOUS_MOVE = YES;
				CLANG_WARN_UNGUARDED_AVAILABILITY = YES_AGGRESSIVE;
				CLANG_WARN_UNREACHABLE_CODE = YES;
				CLANG_WARN__DUPLICATE_METHOD_MATCH = YES;
				COPY_PHASE_STRIP = NO;
				DEBUG_INFORMATION_FORMAT = "dwarf-with-dsym";
				ENABLE_NS_ASSERTIONS = NO;
				ENABLE_STRICT_OBJC_MSGSEND = YES;
				ENABLE_USER_SCRIPT_SANDBOXING = YES;
				GCC_C_LANGUAGE_STANDARD = gnu17;
				GCC_NO_COMMON_BLOCKS = YES;
				GCC_WARN_64_TO_32_BIT_CONVERSION = YES;
				GCC_WARN_ABOUT_RETURN_TYPE = YES_ERROR;
				GCC_WARN_UNDECLARED_SELECTOR = YES;
				GCC_WARN_UNINITIALIZED_AUTOS = YES_AGGRESSIVE;
				GCC_WARN_UNUSED_FUNCTION = YES;
				GCC_WARN_UNUSED_VARIABLE = YES;
				IPHONEOS_DEPLOYMENT_TARGET = 18.1;
				LOCALIZATION_PREFERS_STRING_CATALOGS = YES;
				MTL_ENABLE_DEBUG_INFO = NO;
				MTL_FAST_MATH = YES;
				SDKROOT = iphoneos;
				SWIFT_COMPILATION_MODE = wholemodule;
				VALIDATE_PRODUCT = YES;
			};
			name = Release;
		};
		ED426A9D2D5D284200D92CB3 /* Debug */ = {
			isa = XCBuildConfiguration;
			buildSettings = {
				ASSETCATALOG_COMPILER_APPICON_NAME = AppIcon;
				ASSETCATALOG_COMPILER_GLOBAL_ACCENT_COLOR_NAME = AccentColor;
				CODE_SIGN_IDENTITY = "Apple Development";
				CODE_SIGN_STYLE = Automatic;
				CURRENT_PROJECT_VERSION = 1;
				DEVELOPMENT_TEAM = GU95NGMU79;
				ENABLE_PREVIEWS = YES;
				GENERATE_INFOPLIST_FILE = YES;
				INFOPLIST_FILE = PhotoEditor/Info.plist;
				INFOPLIST_KEY_UIApplicationSceneManifest_Generation = YES;
				INFOPLIST_KEY_UIApplicationSupportsIndirectInputEvents = YES;
				INFOPLIST_KEY_UILaunchScreen_Generation = YES;
				INFOPLIST_KEY_UISupportedInterfaceOrientations = UIInterfaceOrientationPortrait;
				INFOPLIST_KEY_UIUserInterfaceStyle = Dark;
				IPHONEOS_DEPLOYMENT_TARGET = 16.4;
				LD_RUNPATH_SEARCH_PATHS = (
					"$(inherited)",
					"@executable_path/Frameworks",
				);
				MARKETING_VERSION = 1.0;
				PRODUCT_BUNDLE_IDENTIFIER = melrosestwin.PhotoEditor;
				PRODUCT_NAME = "$(TARGET_NAME)";
				PROVISIONING_PROFILE_SPECIFIER = "";
				SUPPORTED_PLATFORMS = "iphoneos iphonesimulator";
				SUPPORTS_MACCATALYST = NO;
				SUPPORTS_MAC_DESIGNED_FOR_IPHONE_IPAD = NO;
				SUPPORTS_XR_DESIGNED_FOR_IPHONE_IPAD = NO;
				SWIFT_EMIT_LOC_STRINGS = YES;
				SWIFT_VERSION = 5.0;
				TARGETED_DEVICE_FAMILY = "1,2";
			};
			name = Debug;
		};
		ED426A9E2D5D284200D92CB3 /* Release */ = {
			isa = XCBuildConfiguration;
			buildSettings = {
				ASSETCATALOG_COMPILER_APPICON_NAME = AppIcon;
				ASSETCATALOG_COMPILER_GLOBAL_ACCENT_COLOR_NAME = AccentColor;
				CODE_SIGN_IDENTITY = "Apple Development";
				CODE_SIGN_STYLE = Automatic;
				CURRENT_PROJECT_VERSION = 1;
				DEVELOPMENT_TEAM = GU95NGMU79;
				ENABLE_PREVIEWS = YES;
				GENERATE_INFOPLIST_FILE = YES;
				INFOPLIST_FILE = PhotoEditor/Info.plist;
				INFOPLIST_KEY_UIApplicationSceneManifest_Generation = YES;
				INFOPLIST_KEY_UIApplicationSupportsIndirectInputEvents = YES;
				INFOPLIST_KEY_UILaunchScreen_Generation = YES;
				INFOPLIST_KEY_UISupportedInterfaceOrientations = UIInterfaceOrientationPortrait;
				INFOPLIST_KEY_UIUserInterfaceStyle = Dark;
				IPHONEOS_DEPLOYMENT_TARGET = 16.4;
				LD_RUNPATH_SEARCH_PATHS = (
					"$(inherited)",
					"@executable_path/Frameworks",
				);
				MARKETING_VERSION = 1.0;
				PRODUCT_BUNDLE_IDENTIFIER = melrosestwin.PhotoEditor;
				PRODUCT_NAME = "$(TARGET_NAME)";
				PROVISIONING_PROFILE_SPECIFIER = "";
				SUPPORTED_PLATFORMS = "iphoneos iphonesimulator";
				SUPPORTS_MACCATALYST = NO;
				SUPPORTS_MAC_DESIGNED_FOR_IPHONE_IPAD = NO;
				SUPPORTS_XR_DESIGNED_FOR_IPHONE_IPAD = NO;
				SWIFT_EMIT_LOC_STRINGS = YES;
				SWIFT_VERSION = 5.0;
				TARGETED_DEVICE_FAMILY = "1,2";
			};
			name = Release;
		};
/* End XCBuildConfiguration section */

/* Begin XCConfigurationList section */
		ED426A892D5D284000D92CB3 /* Build configuration list for PBXProject "PhotoEditor" */ = {
			isa = XCConfigurationList;
			buildConfigurations = (
				ED426A9A2D5D284200D92CB3 /* Debug */,
				ED426A9B2D5D284200D92CB3 /* Release */,
			);
			defaultConfigurationIsVisible = 0;
			defaultConfigurationName = Release;
		};
		ED426A9C2D5D284200D92CB3 /* Build configuration list for PBXNativeTarget "PhotoEditor" */ = {
			isa = XCConfigurationList;
			buildConfigurations = (
				ED426A9D2D5D284200D92CB3 /* Debug */,
				ED426A9E2D5D284200D92CB3 /* Release */,
			);
			defaultConfigurationIsVisible = 0;
			defaultConfigurationName = Release;
		};
/* End XCConfigurationList section */
	};
	rootObject = ED426A862D5D284000D92CB3 /* Project object */;
}
